
Microsoft Visual Studio Solution File, Format Version 12.00
# Visual Studio Version 16
VisualStudioVersion = 16.0.32510.428
MinimumVisualStudioVersion = 10.0.40219.1
Project("{FAE04EC0-301F-11D3-BF4B-00C04F79EFBC}") = "APITesting", "APITesting\APITesting.csproj", "{13011F4B-D295-448D-9CB0-3BA0C2BF314B}"
EndProject
Global
	GlobalSection(SolutionConfigurationPlatforms) = preSolution
		Debug|Any CPU = Debug|Any CPU
		Release|Any CPU = Release|Any CPU
	EndGlobalSection
	GlobalSection(ProjectConfigurationPlatforms) = postSolution
		{13011F4B-D295-448D-9CB0-3BA0C2BF314B}.Debug|Any CPU.ActiveCfg = Debug|Any CPU
		{13011F4B-D295-448D-9CB0-3BA0C2BF314B}.Debug|Any CPU.Build.0 = Debug|Any CPU
		{13011F4B-D295-448D-9CB0-3BA0C2BF314B}.Release|Any CPU.ActiveCfg = Release|Any CPU
		{13011F4B-D295-448D-9CB0-3BA0C2BF314B}.Release|Any CPU.Build.0 = Release|Any CPU
	EndGlobalSection
	GlobalSection(SolutionProperties) = preSolution
		HideSolutionNode = FALSE
	EndGlobalSection
	GlobalSection(ExtensibilityGlobals) = postSolution
		SolutionGuid = {29FC6CD7-5081-448B-86C4-B9BC72ECFE7E}
	EndGlobalSection
EndGlobal
